
Microsoft Visual Studio Solution File, Format Version 12.00
# Visual Studio 15
VisualStudioVersion = 15.0.28010.2046
MinimumVisualStudioVersion = 10.0.40219.1
Project("{8BC9CEB8-8B4A-11D0-8D11-00A0C91BC942}") = "Samochody", "Samochody\Samochody.vcxproj", "{DA2A218B-F3DE-449B-89A8-FC16CF94AFDD}"
EndProject
Global
	GlobalSection(SolutionConfigurationPlatforms) = preSolution
		Debug|x64 = Debug|x64
		Debug|x86 = Debug|x86
		Release|x64 = Release|x64
		Release|x86 = Release|x86
	EndGlobalSection
	GlobalSection(ProjectConfigurationPlatforms) = postSolution
		{DA2A218B-F3DE-449B-89A8-FC16CF94AFDD}.Debug|x64.ActiveCfg = Debug|x64
		{DA2A218B-F3DE-449B-89A8-FC16CF94AFDD}.Debug|x64.Build.0 = Debug|x64
		{DA2A218B-F3DE-449B-89A8-FC16CF94AFDD}.Debug|x86.ActiveCfg = Debug|Win32
		{DA2A218B-F3DE-449B-89A8-FC16CF94AFDD}.Debug|x86.Build.0 = Debug|Win32
		{DA2A218B-F3DE-449B-89A8-FC16CF94AFDD}.Release|x64.ActiveCfg = Release|x64
		{DA2A218B-F3DE-449B-89A8-FC16CF94AFDD}.Release|x64.Build.0 = Release|x64
		{DA2A218B-F3DE-449B-89A8-FC16CF94AFDD}.Release|x86.ActiveCfg = Release|Win32
		{DA2A218B-F3DE-449B-89A8-FC16CF94AFDD}.Release|x86.Build.0 = Release|Win32
	EndGlobalSection
	GlobalSection(SolutionProperties) = preSolution
		HideSolutionNode = FALSE
	EndGlobalSection
	GlobalSection(ExtensibilityGlobals) = postSolution
		SolutionGuid = {3123D9BA-6BAD-4D0C-B894-D60C3E49BA8C}
	EndGlobalSection
EndGlobal
