
Microsoft Visual Studio Solution File, Format Version 12.00
# Visual Studio 15
VisualStudioVersion = 15.0.28010.2046
MinimumVisualStudioVersion = 10.0.40219.1
Project("{8BC9CEB8-8B4A-11D0-8D11-00A0C91BC942}") = "Lista", "Lista\Lista.vcxproj", "{C814F1C2-8BDC-468A-98AB-CC3AA4F83EB3}"
EndProject
Global
	GlobalSection(SolutionConfigurationPlatforms) = preSolution
		Debug|x64 = Debug|x64
		Debug|x86 = Debug|x86
		Release|x64 = Release|x64
		Release|x86 = Release|x86
	EndGlobalSection
	GlobalSection(ProjectConfigurationPlatforms) = postSolution
		{C814F1C2-8BDC-468A-98AB-CC3AA4F83EB3}.Debug|x64.ActiveCfg = Debug|x64
		{C814F1C2-8BDC-468A-98AB-CC3AA4F83EB3}.Debug|x64.Build.0 = Debug|x64
		{C814F1C2-8BDC-468A-98AB-CC3AA4F83EB3}.Debug|x86.ActiveCfg = Debug|Win32
		{C814F1C2-8BDC-468A-98AB-CC3AA4F83EB3}.Debug|x86.Build.0 = Debug|Win32
		{C814F1C2-8BDC-468A-98AB-CC3AA4F83EB3}.Release|x64.ActiveCfg = Release|x64
		{C814F1C2-8BDC-468A-98AB-CC3AA4F83EB3}.Release|x64.Build.0 = Release|x64
		{C814F1C2-8BDC-468A-98AB-CC3AA4F83EB3}.Release|x86.ActiveCfg = Release|Win32
		{C814F1C2-8BDC-468A-98AB-CC3AA4F83EB3}.Release|x86.Build.0 = Release|Win32
	EndGlobalSection
	GlobalSection(SolutionProperties) = preSolution
		HideSolutionNode = FALSE
	EndGlobalSection
	GlobalSection(ExtensibilityGlobals) = postSolution
		SolutionGuid = {B73C87F0-7727-459D-9DE0-90E75F97EAFD}
	EndGlobalSection
EndGlobal
