
Microsoft Visual Studio Solution File, Format Version 12.00
# Visual Studio 15
VisualStudioVersion = 15.0.28010.2046
MinimumVisualStudioVersion = 10.0.40219.1
Project("{8BC9CEB8-8B4A-11D0-8D11-00A0C91BC942}") = "Konwerter 3", "Konwerter 3\Konwerter 3.vcxproj", "{D544B53D-A5FD-4033-816C-A20659BA3E63}"
EndProject
Global
	GlobalSection(SolutionConfigurationPlatforms) = preSolution
		Debug|x64 = Debug|x64
		Debug|x86 = Debug|x86
		Release|x64 = Release|x64
		Release|x86 = Release|x86
	EndGlobalSection
	GlobalSection(ProjectConfigurationPlatforms) = postSolution
		{D544B53D-A5FD-4033-816C-A20659BA3E63}.Debug|x64.ActiveCfg = Debug|x64
		{D544B53D-A5FD-4033-816C-A20659BA3E63}.Debug|x64.Build.0 = Debug|x64
		{D544B53D-A5FD-4033-816C-A20659BA3E63}.Debug|x86.ActiveCfg = Debug|Win32
		{D544B53D-A5FD-4033-816C-A20659BA3E63}.Debug|x86.Build.0 = Debug|Win32
		{D544B53D-A5FD-4033-816C-A20659BA3E63}.Release|x64.ActiveCfg = Release|x64
		{D544B53D-A5FD-4033-816C-A20659BA3E63}.Release|x64.Build.0 = Release|x64
		{D544B53D-A5FD-4033-816C-A20659BA3E63}.Release|x86.ActiveCfg = Release|Win32
		{D544B53D-A5FD-4033-816C-A20659BA3E63}.Release|x86.Build.0 = Release|Win32
	EndGlobalSection
	GlobalSection(SolutionProperties) = preSolution
		HideSolutionNode = FALSE
	EndGlobalSection
	GlobalSection(ExtensibilityGlobals) = postSolution
		SolutionGuid = {AFDAC764-432E-48A8-943D-1771C4B5D701}
	EndGlobalSection
EndGlobal
