
Microsoft Visual Studio Solution File, Format Version 12.00
# Visual Studio 15
VisualStudioVersion = 15.0.28307.329
MinimumVisualStudioVersion = 10.0.40219.1
Project("{8BC9CEB8-8B4A-11D0-8D11-00A0C91BC942}") = "6.Kółko i krzyżyk gra", "6.Kółko i krzyżyk gra\6.Kółko i krzyżyk gra.vcxproj", "{53437F6D-E201-498D-8C15-6B5D2F857689}"
EndProject
Global
	GlobalSection(SolutionConfigurationPlatforms) = preSolution
		Debug|x64 = Debug|x64
		Debug|x86 = Debug|x86
		Release|x64 = Release|x64
		Release|x86 = Release|x86
	EndGlobalSection
	GlobalSection(ProjectConfigurationPlatforms) = postSolution
		{53437F6D-E201-498D-8C15-6B5D2F857689}.Debug|x64.ActiveCfg = Debug|x64
		{53437F6D-E201-498D-8C15-6B5D2F857689}.Debug|x64.Build.0 = Debug|x64
		{53437F6D-E201-498D-8C15-6B5D2F857689}.Debug|x86.ActiveCfg = Debug|Win32
		{53437F6D-E201-498D-8C15-6B5D2F857689}.Debug|x86.Build.0 = Debug|Win32
		{53437F6D-E201-498D-8C15-6B5D2F857689}.Release|x64.ActiveCfg = Release|x64
		{53437F6D-E201-498D-8C15-6B5D2F857689}.Release|x64.Build.0 = Release|x64
		{53437F6D-E201-498D-8C15-6B5D2F857689}.Release|x86.ActiveCfg = Release|Win32
		{53437F6D-E201-498D-8C15-6B5D2F857689}.Release|x86.Build.0 = Release|Win32
	EndGlobalSection
	GlobalSection(SolutionProperties) = preSolution
		HideSolutionNode = FALSE
	EndGlobalSection
	GlobalSection(ExtensibilityGlobals) = postSolution
		SolutionGuid = {8FD5CA41-1B92-4174-8F7D-01586461CE24}
	EndGlobalSection
EndGlobal
