
Microsoft Visual Studio Solution File, Format Version 12.00
# Visual Studio 15
VisualStudioVersion = 15.0.28010.2046
MinimumVisualStudioVersion = 10.0.40219.1
Project("{8BC9CEB8-8B4A-11D0-8D11-00A0C91BC942}") = "tabliczka", "tabliczka\tabliczka.vcxproj", "{F9952F9F-8AA0-4A61-93D7-926AC7EFDD0C}"
EndProject
Global
	GlobalSection(SolutionConfigurationPlatforms) = preSolution
		Debug|x64 = Debug|x64
		Debug|x86 = Debug|x86
		Release|x64 = Release|x64
		Release|x86 = Release|x86
	EndGlobalSection
	GlobalSection(ProjectConfigurationPlatforms) = postSolution
		{F9952F9F-8AA0-4A61-93D7-926AC7EFDD0C}.Debug|x64.ActiveCfg = Debug|x64
		{F9952F9F-8AA0-4A61-93D7-926AC7EFDD0C}.Debug|x64.Build.0 = Debug|x64
		{F9952F9F-8AA0-4A61-93D7-926AC7EFDD0C}.Debug|x86.ActiveCfg = Debug|Win32
		{F9952F9F-8AA0-4A61-93D7-926AC7EFDD0C}.Debug|x86.Build.0 = Debug|Win32
		{F9952F9F-8AA0-4A61-93D7-926AC7EFDD0C}.Release|x64.ActiveCfg = Release|x64
		{F9952F9F-8AA0-4A61-93D7-926AC7EFDD0C}.Release|x64.Build.0 = Release|x64
		{F9952F9F-8AA0-4A61-93D7-926AC7EFDD0C}.Release|x86.ActiveCfg = Release|Win32
		{F9952F9F-8AA0-4A61-93D7-926AC7EFDD0C}.Release|x86.Build.0 = Release|Win32
	EndGlobalSection
	GlobalSection(SolutionProperties) = preSolution
		HideSolutionNode = FALSE
	EndGlobalSection
	GlobalSection(ExtensibilityGlobals) = postSolution
		SolutionGuid = {EE633E8B-10FB-450D-887E-8821F3C1FCF9}
	EndGlobalSection
EndGlobal
